
Microsoft Visual Studio Solution File, Format Version 12.00
# Visual Studio Version 17
VisualStudioVersion = 17.9.34723.18
MinimumVisualStudioVersion = 10.0.40219.1
Project("{FAE04EC0-301F-11D3-BF4B-00C04F79EFBC}") = "back", "back.csproj", "{3ECD97AF-A25C-45B5-B496-8D4992426BB3}"
EndProject
Global
	GlobalSection(SolutionConfigurationPlatforms) = preSolution
		Debug|Any CPU = Debug|Any CPU
		Release|Any CPU = Release|Any CPU
	EndGlobalSection
	GlobalSection(ProjectConfigurationPlatforms) = postSolution
		{3ECD97AF-A25C-45B5-B496-8D4992426BB3}.Debug|Any CPU.ActiveCfg = Debug|Any CPU
		{3ECD97AF-A25C-45B5-B496-8D4992426BB3}.Debug|Any CPU.Build.0 = Debug|Any CPU
		{3ECD97AF-A25C-45B5-B496-8D4992426BB3}.Release|Any CPU.ActiveCfg = Release|Any CPU
		{3ECD97AF-A25C-45B5-B496-8D4992426BB3}.Release|Any CPU.Build.0 = Release|Any CPU
	EndGlobalSection
	GlobalSection(SolutionProperties) = preSolution
		HideSolutionNode = FALSE
	EndGlobalSection
	GlobalSection(ExtensibilityGlobals) = postSolution
		SolutionGuid = {C5CD49CE-E8DE-4EC3-9677-4171C8A438AD}
	EndGlobalSection
EndGlobal
